
Microsoft Visual Studio Solution File, Format Version 12.00
# Visual Studio Version 17
VisualStudioVersion = 17.2.32516.85
MinimumVisualStudioVersion = 10.0.40219.1
Project("{9A19103F-16F7-4668-BE54-9A1E7A4F7556}") = "GameTracker", "GameTracker\GameTracker.csproj", "{AAD3C13B-E50D-4FA4-94DC-84C3B3B19F1A}"
EndProject
Project("{2150E333-8FDC-42A3-9474-1A3956D46DE8}") = "Core", "Core", "{A16C26AA-DC74-4C3D-88B7-FD180F2C3D93}"
EndProject
Project("{FAE04EC0-301F-11D3-BF4B-00C04F79EFBC}") = "Models", "Models\Models.csproj", "{21FB4A83-E00E-469E-9917-F567E5079D84}"
EndProject
Project("{FAE04EC0-301F-11D3-BF4B-00C04F79EFBC}") = "Common", "Common\Common.csproj", "{0D2CA8D9-7737-41AC-ACD8-C9D448CC0B59}"
EndProject
Project("{FAE04EC0-301F-11D3-BF4B-00C04F79EFBC}") = "Services", "Services\Services.csproj", "{3EDA1697-A1B1-4B8B-AF3E-8EE50491CA94}"
EndProject
Global
	GlobalSection(SolutionConfigurationPlatforms) = preSolution
		Debug|Any CPU = Debug|Any CPU
		Release|Any CPU = Release|Any CPU
	EndGlobalSection
	GlobalSection(ProjectConfigurationPlatforms) = postSolution
		{AAD3C13B-E50D-4FA4-94DC-84C3B3B19F1A}.Debug|Any CPU.ActiveCfg = Debug|Any CPU
		{AAD3C13B-E50D-4FA4-94DC-84C3B3B19F1A}.Debug|Any CPU.Build.0 = Debug|Any CPU
		{AAD3C13B-E50D-4FA4-94DC-84C3B3B19F1A}.Release|Any CPU.ActiveCfg = Release|Any CPU
		{AAD3C13B-E50D-4FA4-94DC-84C3B3B19F1A}.Release|Any CPU.Build.0 = Release|Any CPU
		{21FB4A83-E00E-469E-9917-F567E5079D84}.Debug|Any CPU.ActiveCfg = Debug|Any CPU
		{21FB4A83-E00E-469E-9917-F567E5079D84}.Debug|Any CPU.Build.0 = Debug|Any CPU
		{21FB4A83-E00E-469E-9917-F567E5079D84}.Release|Any CPU.ActiveCfg = Release|Any CPU
		{21FB4A83-E00E-469E-9917-F567E5079D84}.Release|Any CPU.Build.0 = Release|Any CPU
		{0D2CA8D9-7737-41AC-ACD8-C9D448CC0B59}.Debug|Any CPU.ActiveCfg = Debug|Any CPU
		{0D2CA8D9-7737-41AC-ACD8-C9D448CC0B59}.Debug|Any CPU.Build.0 = Debug|Any CPU
		{0D2CA8D9-7737-41AC-ACD8-C9D448CC0B59}.Release|Any CPU.ActiveCfg = Release|Any CPU
		{0D2CA8D9-7737-41AC-ACD8-C9D448CC0B59}.Release|Any CPU.Build.0 = Release|Any CPU
		{3EDA1697-A1B1-4B8B-AF3E-8EE50491CA94}.Debug|Any CPU.ActiveCfg = Debug|Any CPU
		{3EDA1697-A1B1-4B8B-AF3E-8EE50491CA94}.Debug|Any CPU.Build.0 = Debug|Any CPU
		{3EDA1697-A1B1-4B8B-AF3E-8EE50491CA94}.Release|Any CPU.ActiveCfg = Release|Any CPU
		{3EDA1697-A1B1-4B8B-AF3E-8EE50491CA94}.Release|Any CPU.Build.0 = Release|Any CPU
	EndGlobalSection
	GlobalSection(SolutionProperties) = preSolution
		HideSolutionNode = FALSE
	EndGlobalSection
	GlobalSection(NestedProjects) = preSolution
		{21FB4A83-E00E-469E-9917-F567E5079D84} = {A16C26AA-DC74-4C3D-88B7-FD180F2C3D93}
		{0D2CA8D9-7737-41AC-ACD8-C9D448CC0B59} = {A16C26AA-DC74-4C3D-88B7-FD180F2C3D93}
		{3EDA1697-A1B1-4B8B-AF3E-8EE50491CA94} = {A16C26AA-DC74-4C3D-88B7-FD180F2C3D93}
	EndGlobalSection
	GlobalSection(ExtensibilityGlobals) = postSolution
		SolutionGuid = {3775C7A8-9C17-44BE-864F-B9A4B72F212A}
	EndGlobalSection
EndGlobal
